// !$*UTF8*$!
{
	archiveVersion = 1;
	classes = {
	};
	objectVersion = 56;
	objects = {

/* Begin PBXBuildFile section */
		162CD5852AF29B5E008E5580 /* Constants.swift in Sources */ = {isa = PBXBuildFile; fileRef = 162CD5842AF29B5E008E5580 /* Constants.swift */; };
		1632B4B62AF661E40057D42D /* RMCharacterCollectionViewCell.swift in Sources */ = {isa = PBXBuildFile; fileRef = 1632B4B52AF661E40057D42D /* RMCharacterCollectionViewCell.swift */; };
		1632B4B82AF663100057D42D /* RMCharacterCollectionViewCellViewModel.swift in Sources */ = {isa = PBXBuildFile; fileRef = 1632B4B72AF663100057D42D /* RMCharacterCollectionViewCellViewModel.swift */; };
		167E6B3B2B0BCC8F000F403B /* RMCharacterPhotoCollectionViewCell.swift in Sources */ = {isa = PBXBuildFile; fileRef = 167E6B3A2B0BCC8F000F403B /* RMCharacterPhotoCollectionViewCell.swift */; };
		167E6B3D2B0BCCA5000F403B /* RMCharacterInfoCollectionViewCell.swift in Sources */ = {isa = PBXBuildFile; fileRef = 167E6B3C2B0BCCA5000F403B /* RMCharacterInfoCollectionViewCell.swift */; };
		167E6B3F2B0BCCB5000F403B /* RMCharacterEpisodesCollectionViewCell.swift in Sources */ = {isa = PBXBuildFile; fileRef = 167E6B3E2B0BCCB5000F403B /* RMCharacterEpisodesCollectionViewCell.swift */; };
		167E6B412B0EF8F3000F403B /* RMCharacterPhotoCollectionViewCellViewModel.swift in Sources */ = {isa = PBXBuildFile; fileRef = 167E6B402B0EF8F3000F403B /* RMCharacterPhotoCollectionViewCellViewModel.swift */; };
		167E6B432B0EF907000F403B /* RMCharacterInfoCollectionViewCellViewModel.swift in Sources */ = {isa = PBXBuildFile; fileRef = 167E6B422B0EF907000F403B /* RMCharacterInfoCollectionViewCellViewModel.swift */; };
		167E6B452B0EF921000F403B /* RMCharacterEpisodesCollectionViewCellViewModel.swift in Sources */ = {isa = PBXBuildFile; fileRef = 167E6B442B0EF921000F403B /* RMCharacterEpisodesCollectionViewCellViewModel.swift */; };
		167ED9C12AECC77B004B809A /* RMService.swift in Sources */ = {isa = PBXBuildFile; fileRef = 167ED9C02AECC77B004B809A /* RMService.swift */; };
		167ED9C32AECC78E004B809A /* RMRequest.swift in Sources */ = {isa = PBXBuildFile; fileRef = 167ED9C22AECC78E004B809A /* RMRequest.swift */; };
		167ED9C52AED25EC004B809A /* RMEndpoint.swift in Sources */ = {isa = PBXBuildFile; fileRef = 167ED9C42AED25EC004B809A /* RMEndpoint.swift */; };
		167ED9C72AED2BEB004B809A /* RMOrigin.swift in Sources */ = {isa = PBXBuildFile; fileRef = 167ED9C62AED2BEB004B809A /* RMOrigin.swift */; };
		167ED9C92AED2C5F004B809A /* RMSingleLocation.swift in Sources */ = {isa = PBXBuildFile; fileRef = 167ED9C82AED2C5F004B809A /* RMSingleLocation.swift */; };
		167ED9CB2AED2DB2004B809A /* RMCharacterStatus.swift in Sources */ = {isa = PBXBuildFile; fileRef = 167ED9CA2AED2DB2004B809A /* RMCharacterStatus.swift */; };
		167ED9CD2AED2DCD004B809A /* RMCharacterGender.swift in Sources */ = {isa = PBXBuildFile; fileRef = 167ED9CC2AED2DCD004B809A /* RMCharacterGender.swift */; };
		1697F6952AFE878000F856D3 /* RMFooterLoadingCollectionReusableView.swift in Sources */ = {isa = PBXBuildFile; fileRef = 1697F6942AFE878000F856D3 /* RMFooterLoadingCollectionReusableView.swift */; };
		1697F6972B03DAB600F856D3 /* RMImageLoader.swift in Sources */ = {isa = PBXBuildFile; fileRef = 1697F6962B03DAB600F856D3 /* RMImageLoader.swift */; };
		16C0C5022AEA9244005C9E10 /* AppDelegate.swift in Sources */ = {isa = PBXBuildFile; fileRef = 16C0C5012AEA9244005C9E10 /* AppDelegate.swift */; };
		16C0C5042AEA9244005C9E10 /* SceneDelegate.swift in Sources */ = {isa = PBXBuildFile; fileRef = 16C0C5032AEA9244005C9E10 /* SceneDelegate.swift */; };
		16C0C5062AEA9244005C9E10 /* RMTabViewController.swift in Sources */ = {isa = PBXBuildFile; fileRef = 16C0C5052AEA9244005C9E10 /* RMTabViewController.swift */; };
		16C0C50B2AEA9245005C9E10 /* Assets.xcassets in Resources */ = {isa = PBXBuildFile; fileRef = 16C0C50A2AEA9245005C9E10 /* Assets.xcassets */; };
		16C0C50E2AEA9245005C9E10 /* LaunchScreen.storyboard in Resources */ = {isa = PBXBuildFile; fileRef = 16C0C50C2AEA9245005C9E10 /* LaunchScreen.storyboard */; };
		16C0C5202AEAB1F4005C9E10 /* RMLocation.swift in Sources */ = {isa = PBXBuildFile; fileRef = 16C0C51F2AEAB1F4005C9E10 /* RMLocation.swift */; };
		16C0C5232AEAB21A005C9E10 /* RMCharacter.swift in Sources */ = {isa = PBXBuildFile; fileRef = 16C0C5222AEAB21A005C9E10 /* RMCharacter.swift */; };
		16C0C5252AEAB233005C9E10 /* RMEpisode.swift in Sources */ = {isa = PBXBuildFile; fileRef = 16C0C5242AEAB233005C9E10 /* RMEpisode.swift */; };
		16C0C5282AEAB2EE005C9E10 /* RMCharacterViewController.swift in Sources */ = {isa = PBXBuildFile; fileRef = 16C0C5272AEAB2EE005C9E10 /* RMCharacterViewController.swift */; };
		16C0C52A2AEAB379005C9E10 /* RMLocationViewController.swift in Sources */ = {isa = PBXBuildFile; fileRef = 16C0C5292AEAB379005C9E10 /* RMLocationViewController.swift */; };
		16C0C52C2AEAB3A8005C9E10 /* RMEpisodeViewController.swift in Sources */ = {isa = PBXBuildFile; fileRef = 16C0C52B2AEAB3A8005C9E10 /* RMEpisodeViewController.swift */; };
		16C0C52E2AEAB3C5005C9E10 /* RMSettingsViewController.swift in Sources */ = {isa = PBXBuildFile; fileRef = 16C0C52D2AEAB3C5005C9E10 /* RMSettingsViewController.swift */; };
		16C687E32AF14FF60091C84A /* RMCharactersListViewViewModel.swift in Sources */ = {isa = PBXBuildFile; fileRef = 16C687E22AF14FF60091C84A /* RMCharactersListViewViewModel.swift */; };
		16C687E62AF150840091C84A /* RMCharacteListView.swift in Sources */ = {isa = PBXBuildFile; fileRef = 16C687E52AF150840091C84A /* RMCharacteListView.swift */; };
		16C687E92AF15D020091C84A /* UiView.swift in Sources */ = {isa = PBXBuildFile; fileRef = 16C687E82AF15D020091C84A /* UiView.swift */; };
		16D496812AFCAC5D0075BE6E /* RMCharacterDetailViewController.swift in Sources */ = {isa = PBXBuildFile; fileRef = 16D496802AFCAC5D0075BE6E /* RMCharacterDetailViewController.swift */; };
		16D496832AFCACE80075BE6E /* RMCharacterDetailViewViewModel.swift in Sources */ = {isa = PBXBuildFile; fileRef = 16D496822AFCACE80075BE6E /* RMCharacterDetailViewViewModel.swift */; };
		16D496852AFCAD500075BE6E /* RMCharacterDetailView.swift in Sources */ = {isa = PBXBuildFile; fileRef = 16D496842AFCAD500075BE6E /* RMCharacterDetailView.swift */; };
		16DBB6FF2AF01B8C00B835A6 /* RMGetAllCharacterResponse.swift in Sources */ = {isa = PBXBuildFile; fileRef = 16DBB6FE2AF01B8C00B835A6 /* RMGetAllCharacterResponse.swift */; };
/* End PBXBuildFile section */

/* Begin PBXFileReference section */
		162CD5842AF29B5E008E5580 /* Constants.swift */ = {isa = PBXFileReference; lastKnownFileType = sourcecode.swift; path = Constants.swift; sourceTree = "<group>"; };
		1632B4B52AF661E40057D42D /* RMCharacterCollectionViewCell.swift */ = {isa = PBXFileReference; lastKnownFileType = sourcecode.swift; path = RMCharacterCollectionViewCell.swift; sourceTree = "<group>"; };
		1632B4B72AF663100057D42D /* RMCharacterCollectionViewCellViewModel.swift */ = {isa = PBXFileReference; lastKnownFileType = sourcecode.swift; path = RMCharacterCollectionViewCellViewModel.swift; sourceTree = "<group>"; };
		167E6B3A2B0BCC8F000F403B /* RMCharacterPhotoCollectionViewCell.swift */ = {isa = PBXFileReference; lastKnownFileType = sourcecode.swift; path = RMCharacterPhotoCollectionViewCell.swift; sourceTree = "<group>"; };
		167E6B3C2B0BCCA5000F403B /* RMCharacterInfoCollectionViewCell.swift */ = {isa = PBXFileReference; lastKnownFileType = sourcecode.swift; path = RMCharacterInfoCollectionViewCell.swift; sourceTree = "<group>"; };
		167E6B3E2B0BCCB5000F403B /* RMCharacterEpisodesCollectionViewCell.swift */ = {isa = PBXFileReference; lastKnownFileType = sourcecode.swift; path = RMCharacterEpisodesCollectionViewCell.swift; sourceTree = "<group>"; };
		167E6B402B0EF8F3000F403B /* RMCharacterPhotoCollectionViewCellViewModel.swift */ = {isa = PBXFileReference; lastKnownFileType = sourcecode.swift; path = RMCharacterPhotoCollectionViewCellViewModel.swift; sourceTree = "<group>"; };
		167E6B422B0EF907000F403B /* RMCharacterInfoCollectionViewCellViewModel.swift */ = {isa = PBXFileReference; lastKnownFileType = sourcecode.swift; path = RMCharacterInfoCollectionViewCellViewModel.swift; sourceTree = "<group>"; };
		167E6B442B0EF921000F403B /* RMCharacterEpisodesCollectionViewCellViewModel.swift */ = {isa = PBXFileReference; lastKnownFileType = sourcecode.swift; path = RMCharacterEpisodesCollectionViewCellViewModel.swift; sourceTree = "<group>"; };
		167ED9C02AECC77B004B809A /* RMService.swift */ = {isa = PBXFileReference; lastKnownFileType = sourcecode.swift; path = RMService.swift; sourceTree = "<group>"; };
		167ED9C22AECC78E004B809A /* RMRequest.swift */ = {isa = PBXFileReference; lastKnownFileType = sourcecode.swift; path = RMRequest.swift; sourceTree = "<group>"; };
		167ED9C42AED25EC004B809A /* RMEndpoint.swift */ = {isa = PBXFileReference; lastKnownFileType = sourcecode.swift; path = RMEndpoint.swift; sourceTree = "<group>"; };
		167ED9C62AED2BEB004B809A /* RMOrigin.swift */ = {isa = PBXFileReference; lastKnownFileType = sourcecode.swift; path = RMOrigin.swift; sourceTree = "<group>"; };
		167ED9C82AED2C5F004B809A /* RMSingleLocation.swift */ = {isa = PBXFileReference; lastKnownFileType = sourcecode.swift; path = RMSingleLocation.swift; sourceTree = "<group>"; };
		167ED9CA2AED2DB2004B809A /* RMCharacterStatus.swift */ = {isa = PBXFileReference; lastKnownFileType = sourcecode.swift; path = RMCharacterStatus.swift; sourceTree = "<group>"; };
		167ED9CC2AED2DCD004B809A /* RMCharacterGender.swift */ = {isa = PBXFileReference; lastKnownFileType = sourcecode.swift; path = RMCharacterGender.swift; sourceTree = "<group>"; };
		1697F6942AFE878000F856D3 /* RMFooterLoadingCollectionReusableView.swift */ = {isa = PBXFileReference; lastKnownFileType = sourcecode.swift; path = RMFooterLoadingCollectionReusableView.swift; sourceTree = "<group>"; };
		1697F6962B03DAB600F856D3 /* RMImageLoader.swift */ = {isa = PBXFileReference; lastKnownFileType = sourcecode.swift; path = RMImageLoader.swift; sourceTree = "<group>"; };
		16C0C4FE2AEA9244005C9E10 /* RickAndMortyApp.app */ = {isa = PBXFileReference; explicitFileType = wrapper.application; includeInIndex = 0; path = RickAndMortyApp.app; sourceTree = BUILT_PRODUCTS_DIR; };
		16C0C5012AEA9244005C9E10 /* AppDelegate.swift */ = {isa = PBXFileReference; lastKnownFileType = sourcecode.swift; path = AppDelegate.swift; sourceTree = "<group>"; };
		16C0C5032AEA9244005C9E10 /* SceneDelegate.swift */ = {isa = PBXFileReference; lastKnownFileType = sourcecode.swift; path = SceneDelegate.swift; sourceTree = "<group>"; };
		16C0C5052AEA9244005C9E10 /* RMTabViewController.swift */ = {isa = PBXFileReference; lastKnownFileType = sourcecode.swift; path = RMTabViewController.swift; sourceTree = "<group>"; };
		16C0C50A2AEA9245005C9E10 /* Assets.xcassets */ = {isa = PBXFileReference; lastKnownFileType = folder.assetcatalog; path = Assets.xcassets; sourceTree = "<group>"; };
		16C0C50D2AEA9245005C9E10 /* Base */ = {isa = PBXFileReference; lastKnownFileType = file.storyboard; name = Base; path = Base.lproj/LaunchScreen.storyboard; sourceTree = "<group>"; };
		16C0C50F2AEA9245005C9E10 /* Info.plist */ = {isa = PBXFileReference; lastKnownFileType = text.plist.xml; path = Info.plist; sourceTree = "<group>"; };
		16C0C51F2AEAB1F4005C9E10 /* RMLocation.swift */ = {isa = PBXFileReference; lastKnownFileType = sourcecode.swift; path = RMLocation.swift; sourceTree = "<group>"; };
		16C0C5222AEAB21A005C9E10 /* RMCharacter.swift */ = {isa = PBXFileReference; lastKnownFileType = sourcecode.swift; path = RMCharacter.swift; sourceTree = "<group>"; };
		16C0C5242AEAB233005C9E10 /* RMEpisode.swift */ = {isa = PBXFileReference; lastKnownFileType = sourcecode.swift; path = RMEpisode.swift; sourceTree = "<group>"; };
		16C0C5272AEAB2EE005C9E10 /* RMCharacterViewController.swift */ = {isa = PBXFileReference; lastKnownFileType = sourcecode.swift; path = RMCharacterViewController.swift; sourceTree = "<group>"; };
		16C0C5292AEAB379005C9E10 /* RMLocationViewController.swift */ = {isa = PBXFileReference; lastKnownFileType = sourcecode.swift; path = RMLocationViewController.swift; sourceTree = "<group>"; };
		16C0C52B2AEAB3A8005C9E10 /* RMEpisodeViewController.swift */ = {isa = PBXFileReference; lastKnownFileType = sourcecode.swift; path = RMEpisodeViewController.swift; sourceTree = "<group>"; };
		16C0C52D2AEAB3C5005C9E10 /* RMSettingsViewController.swift */ = {isa = PBXFileReference; lastKnownFileType = sourcecode.swift; path = RMSettingsViewController.swift; sourceTree = "<group>"; };
		16C687E22AF14FF60091C84A /* RMCharactersListViewViewModel.swift */ = {isa = PBXFileReference; lastKnownFileType = sourcecode.swift; path = RMCharactersListViewViewModel.swift; sourceTree = "<group>"; };
		16C687E52AF150840091C84A /* RMCharacteListView.swift */ = {isa = PBXFileReference; lastKnownFileType = sourcecode.swift; path = RMCharacteListView.swift; sourceTree = "<group>"; };
		16C687E82AF15D020091C84A /* UiView.swift */ = {isa = PBXFileReference; lastKnownFileType = sourcecode.swift; path = UiView.swift; sourceTree = "<group>"; };
		16D496802AFCAC5D0075BE6E /* RMCharacterDetailViewController.swift */ = {isa = PBXFileReference; lastKnownFileType = sourcecode.swift; path = RMCharacterDetailViewController.swift; sourceTree = "<group>"; };
		16D496822AFCACE80075BE6E /* RMCharacterDetailViewViewModel.swift */ = {isa = PBXFileReference; lastKnownFileType = sourcecode.swift; path = RMCharacterDetailViewViewModel.swift; sourceTree = "<group>"; };
		16D496842AFCAD500075BE6E /* RMCharacterDetailView.swift */ = {isa = PBXFileReference; lastKnownFileType = sourcecode.swift; path = RMCharacterDetailView.swift; sourceTree = "<group>"; };
		16DBB6FE2AF01B8C00B835A6 /* RMGetAllCharacterResponse.swift */ = {isa = PBXFileReference; lastKnownFileType = sourcecode.swift; path = RMGetAllCharacterResponse.swift; sourceTree = "<group>"; };
/* End PBXFileReference section */

/* Begin PBXFrameworksBuildPhase section */
		16C0C4FB2AEA9244005C9E10 /* Frameworks */ = {
			isa = PBXFrameworksBuildPhase;
			buildActionMask = 2147483647;
			files = (
			);
			runOnlyForDeploymentPostprocessing = 0;
		};
/* End PBXFrameworksBuildPhase section */

/* Begin PBXGroup section */
		16229CE02AF6428D00C5A295 /* TabBar */ = {
			isa = PBXGroup;
			children = (
				16C0C5052AEA9244005C9E10 /* RMTabViewController.swift */,
			);
			path = TabBar;
			sourceTree = "<group>";
		};
		162CD5832AF29B31008E5580 /* Supporting Files */ = {
			isa = PBXGroup;
			children = (
				162CD5842AF29B5E008E5580 /* Constants.swift */,
				1697F6962B03DAB600F856D3 /* RMImageLoader.swift */,
			);
			path = "Supporting Files";
			sourceTree = "<group>";
		};
		1632B4B42AF661C30057D42D /* Character */ = {
			isa = PBXGroup;
			children = (
				16C687E52AF150840091C84A /* RMCharacteListView.swift */,
				1632B4B52AF661E40057D42D /* RMCharacterCollectionViewCell.swift */,
			);
			path = Character;
			sourceTree = "<group>";
		};
		167E6B392B0BBFF5000F403B /* CharacterDetail */ = {
			isa = PBXGroup;
			children = (
				16D496842AFCAD500075BE6E /* RMCharacterDetailView.swift */,
				167E6B3A2B0BCC8F000F403B /* RMCharacterPhotoCollectionViewCell.swift */,
				167E6B3C2B0BCCA5000F403B /* RMCharacterInfoCollectionViewCell.swift */,
				167E6B3E2B0BCCB5000F403B /* RMCharacterEpisodesCollectionViewCell.swift */,
			);
			path = CharacterDetail;
			sourceTree = "<group>";
		};
		167ED9BF2AECC75C004B809A /* APIClient */ = {
			isa = PBXGroup;
			children = (
				167ED9C02AECC77B004B809A /* RMService.swift */,
				167ED9C22AECC78E004B809A /* RMRequest.swift */,
				167ED9C42AED25EC004B809A /* RMEndpoint.swift */,
			);
			path = APIClient;
			sourceTree = "<group>";
		};
		167ED9CE2AED2E78004B809A /* CharacterModel */ = {
			isa = PBXGroup;
			children = (
				16C0C5222AEAB21A005C9E10 /* RMCharacter.swift */,
				167ED9C62AED2BEB004B809A /* RMOrigin.swift */,
				167ED9CC2AED2DCD004B809A /* RMCharacterGender.swift */,
				167ED9CA2AED2DB2004B809A /* RMCharacterStatus.swift */,
				167ED9C82AED2C5F004B809A /* RMSingleLocation.swift */,
			);
			path = CharacterModel;
			sourceTree = "<group>";
		};
		167ED9CF2AED2EC0004B809A /* LocationModel */ = {
			isa = PBXGroup;
			children = (
				16C0C51F2AEAB1F4005C9E10 /* RMLocation.swift */,
			);
			path = LocationModel;
			sourceTree = "<group>";
		};
		167ED9D02AED2FAD004B809A /* RMEpisodes */ = {
			isa = PBXGroup;
			children = (
				16C0C5242AEAB233005C9E10 /* RMEpisode.swift */,
			);
			path = RMEpisodes;
			sourceTree = "<group>";
		};
		16C0C4F52AEA9244005C9E10 = {
			isa = PBXGroup;
			children = (
				16C0C5002AEA9244005C9E10 /* RickAndMortyApp */,
				16C0C4FF2AEA9244005C9E10 /* Products */,
			);
			sourceTree = "<group>";
		};
		16C0C4FF2AEA9244005C9E10 /* Products */ = {
			isa = PBXGroup;
			children = (
				16C0C4FE2AEA9244005C9E10 /* RickAndMortyApp.app */,
			);
			name = Products;
			sourceTree = "<group>";
		};
		16C0C5002AEA9244005C9E10 /* RickAndMortyApp */ = {
			isa = PBXGroup;
			children = (
				16C0C51B2AEA94F5005C9E10 /* Resources */,
				167ED9BF2AECC75C004B809A /* APIClient */,
				16C0C51E2AEAB1DE005C9E10 /* Models */,
				16C687E42AF150700091C84A /* Views */,
				16C687E12AF14EA20091C84A /* VIewModels */,
				16C0C5152AEA9480005C9E10 /* Controllers */,
				16C687E72AF15CED0091C84A /* Extensions */,
				162CD5832AF29B31008E5580 /* Supporting Files */,
				16C0C50F2AEA9245005C9E10 /* Info.plist */,
			);
			path = RickAndMortyApp;
			sourceTree = "<group>";
		};
		16C0C5152AEA9480005C9E10 /* Controllers */ = {
			isa = PBXGroup;
			children = (
				16C0C5262AEAB2A1005C9E10 /* Core */,
			);
			path = Controllers;
			sourceTree = "<group>";
		};
		16C0C51B2AEA94F5005C9E10 /* Resources */ = {
			isa = PBXGroup;
			children = (
				16C0C5012AEA9244005C9E10 /* AppDelegate.swift */,
				16C0C5032AEA9244005C9E10 /* SceneDelegate.swift */,
				16C0C50A2AEA9245005C9E10 /* Assets.xcassets */,
				16C0C50C2AEA9245005C9E10 /* LaunchScreen.storyboard */,
			);
			path = Resources;
			sourceTree = "<group>";
		};
		16C0C51E2AEAB1DE005C9E10 /* Models */ = {
			isa = PBXGroup;
			children = (
				16DBB6FC2AF01B3100B835A6 /* APIResponsesTypes */,
				16DBB6FD2AF01B4600B835A6 /* DataTypes */,
			);
			path = Models;
			sourceTree = "<group>";
		};
		16C0C5262AEAB2A1005C9E10 /* Core */ = {
			isa = PBXGroup;
			children = (
				16229CE02AF6428D00C5A295 /* TabBar */,
				16D4967F2AFCAC250075BE6E /* RMCharactersVCs */,
				16C0C5292AEAB379005C9E10 /* RMLocationViewController.swift */,
				16C0C52B2AEAB3A8005C9E10 /* RMEpisodeViewController.swift */,
				16C0C52D2AEAB3C5005C9E10 /* RMSettingsViewController.swift */,
			);
			path = Core;
			sourceTree = "<group>";
		};
		16C687E12AF14EA20091C84A /* VIewModels */ = {
			isa = PBXGroup;
			children = (
				16C687E22AF14FF60091C84A /* RMCharactersListViewViewModel.swift */,
				1632B4B72AF663100057D42D /* RMCharacterCollectionViewCellViewModel.swift */,
				16D496822AFCACE80075BE6E /* RMCharacterDetailViewViewModel.swift */,
				167E6B402B0EF8F3000F403B /* RMCharacterPhotoCollectionViewCellViewModel.swift */,
				167E6B422B0EF907000F403B /* RMCharacterInfoCollectionViewCellViewModel.swift */,
				167E6B442B0EF921000F403B /* RMCharacterEpisodesCollectionViewCellViewModel.swift */,
			);
			path = VIewModels;
			sourceTree = "<group>";
		};
		16C687E42AF150700091C84A /* Views */ = {
			isa = PBXGroup;
			children = (
				1632B4B42AF661C30057D42D /* Character */,
				167E6B392B0BBFF5000F403B /* CharacterDetail */,
				1697F6942AFE878000F856D3 /* RMFooterLoadingCollectionReusableView.swift */,
			);
			path = Views;
			sourceTree = "<group>";
		};
		16C687E72AF15CED0091C84A /* Extensions */ = {
			isa = PBXGroup;
			children = (
				16C687E82AF15D020091C84A /* UiView.swift */,
			);
			path = Extensions;
			sourceTree = "<group>";
		};
		16D4967F2AFCAC250075BE6E /* RMCharactersVCs */ = {
			isa = PBXGroup;
			children = (
				16C0C5272AEAB2EE005C9E10 /* RMCharacterViewController.swift */,
				16D496802AFCAC5D0075BE6E /* RMCharacterDetailViewController.swift */,
			);
			path = RMCharactersVCs;
			sourceTree = "<group>";
		};
		16DBB6FC2AF01B3100B835A6 /* APIResponsesTypes */ = {
			isa = PBXGroup;
			children = (
				16DBB6FE2AF01B8C00B835A6 /* RMGetAllCharacterResponse.swift */,
			);
			path = APIResponsesTypes;
			sourceTree = "<group>";
		};
		16DBB6FD2AF01B4600B835A6 /* DataTypes */ = {
			isa = PBXGroup;
			children = (
				167ED9CE2AED2E78004B809A /* CharacterModel */,
				167ED9CF2AED2EC0004B809A /* LocationModel */,
				167ED9D02AED2FAD004B809A /* RMEpisodes */,
			);
			path = DataTypes;
			sourceTree = "<group>";
		};
/* End PBXGroup section */

/* Begin PBXNativeTarget section */
		16C0C4FD2AEA9244005C9E10 /* RickAndMortyApp */ = {
			isa = PBXNativeTarget;
			buildConfigurationList = 16C0C5122AEA9245005C9E10 /* Build configuration list for PBXNativeTarget "RickAndMortyApp" */;
			buildPhases = (
				16C0C4FA2AEA9244005C9E10 /* Sources */,
				16C0C4FB2AEA9244005C9E10 /* Frameworks */,
				16C0C4FC2AEA9244005C9E10 /* Resources */,
			);
			buildRules = (
			);
			dependencies = (
			);
			name = RickAndMortyApp;
			productName = RickAndMortyApp;
			productReference = 16C0C4FE2AEA9244005C9E10 /* RickAndMortyApp.app */;
			productType = "com.apple.product-type.application";
		};
/* End PBXNativeTarget section */

/* Begin PBXProject section */
		16C0C4F62AEA9244005C9E10 /* Project object */ = {
			isa = PBXProject;
			attributes = {
				BuildIndependentTargetsInParallel = 1;
				LastSwiftUpdateCheck = 1500;
				LastUpgradeCheck = 1500;
				TargetAttributes = {
					16C0C4FD2AEA9244005C9E10 = {
						CreatedOnToolsVersion = 15.0;
					};
				};
			};
			buildConfigurationList = 16C0C4F92AEA9244005C9E10 /* Build configuration list for PBXProject "RickAndMortyApp" */;
			compatibilityVersion = "Xcode 14.0";
			developmentRegion = en;
			hasScannedForEncodings = 0;
			knownRegions = (
				en,
				Base,
			);
			mainGroup = 16C0C4F52AEA9244005C9E10;
			productRefGroup = 16C0C4FF2AEA9244005C9E10 /* Products */;
			projectDirPath = "";
			projectRoot = "";
			targets = (
				16C0C4FD2AEA9244005C9E10 /* RickAndMortyApp */,
			);
		};
/* End PBXProject section */

/* Begin PBXResourcesBuildPhase section */
		16C0C4FC2AEA9244005C9E10 /* Resources */ = {
			isa = PBXResourcesBuildPhase;
			buildActionMask = 2147483647;
			files = (
				16C0C50E2AEA9245005C9E10 /* LaunchScreen.storyboard in Resources */,
				16C0C50B2AEA9245005C9E10 /* Assets.xcassets in Resources */,
			);
			runOnlyForDeploymentPostprocessing = 0;
		};
/* End PBXResourcesBuildPhase section */

/* Begin PBXSourcesBuildPhase section */
		16C0C4FA2AEA9244005C9E10 /* Sources */ = {
			isa = PBXSourcesBuildPhase;
			buildActionMask = 2147483647;
			files = (
				167E6B3D2B0BCCA5000F403B /* RMCharacterInfoCollectionViewCell.swift in Sources */,
				16DBB6FF2AF01B8C00B835A6 /* RMGetAllCharacterResponse.swift in Sources */,
				162CD5852AF29B5E008E5580 /* Constants.swift in Sources */,
				1697F6972B03DAB600F856D3 /* RMImageLoader.swift in Sources */,
				167ED9C72AED2BEB004B809A /* RMOrigin.swift in Sources */,
				16D496832AFCACE80075BE6E /* RMCharacterDetailViewViewModel.swift in Sources */,
				167ED9C92AED2C5F004B809A /* RMSingleLocation.swift in Sources */,
				167ED9CB2AED2DB2004B809A /* RMCharacterStatus.swift in Sources */,
				167E6B432B0EF907000F403B /* RMCharacterInfoCollectionViewCellViewModel.swift in Sources */,
				16C0C52A2AEAB379005C9E10 /* RMLocationViewController.swift in Sources */,
				16C0C5282AEAB2EE005C9E10 /* RMCharacterViewController.swift in Sources */,
				16D496852AFCAD500075BE6E /* RMCharacterDetailView.swift in Sources */,
				16C0C5252AEAB233005C9E10 /* RMEpisode.swift in Sources */,
				16C0C52C2AEAB3A8005C9E10 /* RMEpisodeViewController.swift in Sources */,
				16C0C5062AEA9244005C9E10 /* RMTabViewController.swift in Sources */,
				16C0C5022AEA9244005C9E10 /* AppDelegate.swift in Sources */,
				16C0C52E2AEAB3C5005C9E10 /* RMSettingsViewController.swift in Sources */,
				16C687E62AF150840091C84A /* RMCharacteListView.swift in Sources */,
				1632B4B82AF663100057D42D /* RMCharacterCollectionViewCellViewModel.swift in Sources */,
				167ED9CD2AED2DCD004B809A /* RMCharacterGender.swift in Sources */,
				167E6B452B0EF921000F403B /* RMCharacterEpisodesCollectionViewCellViewModel.swift in Sources */,
				167ED9C12AECC77B004B809A /* RMService.swift in Sources */,
				16C687E92AF15D020091C84A /* UiView.swift in Sources */,
				16C0C5232AEAB21A005C9E10 /* RMCharacter.swift in Sources */,
				1632B4B62AF661E40057D42D /* RMCharacterCollectionViewCell.swift in Sources */,
				16D496812AFCAC5D0075BE6E /* RMCharacterDetailViewController.swift in Sources */,
				167E6B3F2B0BCCB5000F403B /* RMCharacterEpisodesCollectionViewCell.swift in Sources */,
				16C687E32AF14FF60091C84A /* RMCharactersListViewViewModel.swift in Sources */,
				1697F6952AFE878000F856D3 /* RMFooterLoadingCollectionReusableView.swift in Sources */,
				167E6B412B0EF8F3000F403B /* RMCharacterPhotoCollectionViewCellViewModel.swift in Sources */,
				167ED9C52AED25EC004B809A /* RMEndpoint.swift in Sources */,
				16C0C5042AEA9244005C9E10 /* SceneDelegate.swift in Sources */,
				167ED9C32AECC78E004B809A /* RMRequest.swift in Sources */,
				16C0C5202AEAB1F4005C9E10 /* RMLocation.swift in Sources */,
				167E6B3B2B0BCC8F000F403B /* RMCharacterPhotoCollectionViewCell.swift in Sources */,
			);
			runOnlyForDeploymentPostprocessing = 0;
		};
/* End PBXSourcesBuildPhase section */

/* Begin PBXVariantGroup section */
		16C0C50C2AEA9245005C9E10 /* LaunchScreen.storyboard */ = {
			isa = PBXVariantGroup;
			children = (
				16C0C50D2AEA9245005C9E10 /* Base */,
			);
			name = LaunchScreen.storyboard;
			sourceTree = "<group>";
		};
/* End PBXVariantGroup section */

/* Begin XCBuildConfiguration section */
		16C0C5102AEA9245005C9E10 /* Debug */ = {
			isa = XCBuildConfiguration;
			buildSettings = {
				ALWAYS_SEARCH_USER_PATHS = NO;
				ASSETCATALOG_COMPILER_GENERATE_SWIFT_ASSET_SYMBOL_EXTENSIONS = YES;
				CLANG_ANALYZER_NONNULL = YES;
				CLANG_ANALYZER_NUMBER_OBJECT_CONVERSION = YES_AGGRESSIVE;
				CLANG_CXX_LANGUAGE_STANDARD = "gnu++20";
				CLANG_ENABLE_MODULES = YES;
				CLANG_ENABLE_OBJC_ARC = YES;
				CLANG_ENABLE_OBJC_WEAK = YES;
				CLANG_WARN_BLOCK_CAPTURE_AUTORELEASING = YES;
				CLANG_WARN_BOOL_CONVERSION = YES;
				CLANG_WARN_COMMA = YES;
				CLANG_WARN_CONSTANT_CONVERSION = YES;
				CLANG_WARN_DEPRECATED_OBJC_IMPLEMENTATIONS = YES;
				CLANG_WARN_DIRECT_OBJC_ISA_USAGE = YES_ERROR;
				CLANG_WARN_DOCUMENTATION_COMMENTS = YES;
				CLANG_WARN_EMPTY_BODY = YES;
				CLANG_WARN_ENUM_CONVERSION = YES;
				CLANG_WARN_INFINITE_RECURSION = YES;
				CLANG_WARN_INT_CONVERSION = YES;
				CLANG_WARN_NON_LITERAL_NULL_CONVERSION = YES;
				CLANG_WARN_OBJC_IMPLICIT_RETAIN_SELF = YES;
				CLANG_WARN_OBJC_LITERAL_CONVERSION = YES;
				CLANG_WARN_OBJC_ROOT_CLASS = YES_ERROR;
				CLANG_WARN_QUOTED_INCLUDE_IN_FRAMEWORK_HEADER = YES;
				CLANG_WARN_RANGE_LOOP_ANALYSIS = YES;
				CLANG_WARN_STRICT_PROTOTYPES = YES;
				CLANG_WARN_SUSPICIOUS_MOVE = YES;
				CLANG_WARN_UNGUARDED_AVAILABILITY = YES_AGGRESSIVE;
				CLANG_WARN_UNREACHABLE_CODE = YES;
				CLANG_WARN__DUPLICATE_METHOD_MATCH = YES;
				COPY_PHASE_STRIP = NO;
				DEBUG_INFORMATION_FORMAT = dwarf;
				ENABLE_STRICT_OBJC_MSGSEND = YES;
				ENABLE_TESTABILITY = YES;
				ENABLE_USER_SCRIPT_SANDBOXING = YES;
				GCC_C_LANGUAGE_STANDARD = gnu17;
				GCC_DYNAMIC_NO_PIC = NO;
				GCC_NO_COMMON_BLOCKS = YES;
				GCC_OPTIMIZATION_LEVEL = 0;
				GCC_PREPROCESSOR_DEFINITIONS = (
					"DEBUG=1",
					"$(inherited)",
				);
				GCC_WARN_64_TO_32_BIT_CONVERSION = YES;
				GCC_WARN_ABOUT_RETURN_TYPE = YES_ERROR;
				GCC_WARN_UNDECLARED_SELECTOR = YES;
				GCC_WARN_UNINITIALIZED_AUTOS = YES_AGGRESSIVE;
				GCC_WARN_UNUSED_FUNCTION = YES;
				GCC_WARN_UNUSED_VARIABLE = YES;
				IPHONEOS_DEPLOYMENT_TARGET = 17.0;
				LOCALIZATION_PREFERS_STRING_CATALOGS = YES;
				MTL_ENABLE_DEBUG_INFO = INCLUDE_SOURCE;
				MTL_FAST_MATH = YES;
				ONLY_ACTIVE_ARCH = YES;
				SDKROOT = iphoneos;
				SWIFT_ACTIVE_COMPILATION_CONDITIONS = "DEBUG $(inherited)";
				SWIFT_OPTIMIZATION_LEVEL = "-Onone";
			};
			name = Debug;
		};
		16C0C5112AEA9245005C9E10 /* Release */ = {
			isa = XCBuildConfiguration;
			buildSettings = {
				ALWAYS_SEARCH_USER_PATHS = NO;
				ASSETCATALOG_COMPILER_GENERATE_SWIFT_ASSET_SYMBOL_EXTENSIONS = YES;
				CLANG_ANALYZER_NONNULL = YES;
				CLANG_ANALYZER_NUMBER_OBJECT_CONVERSION = YES_AGGRESSIVE;
				CLANG_CXX_LANGUAGE_STANDARD = "gnu++20";
				CLANG_ENABLE_MODULES = YES;
				CLANG_ENABLE_OBJC_ARC = YES;
				CLANG_ENABLE_OBJC_WEAK = YES;
				CLANG_WARN_BLOCK_CAPTURE_AUTORELEASING = YES;
				CLANG_WARN_BOOL_CONVERSION = YES;
				CLANG_WARN_COMMA = YES;
				CLANG_WARN_CONSTANT_CONVERSION = YES;
				CLANG_WARN_DEPRECATED_OBJC_IMPLEMENTATIONS = YES;
				CLANG_WARN_DIRECT_OBJC_ISA_USAGE = YES_ERROR;
				CLANG_WARN_DOCUMENTATION_COMMENTS = YES;
				CLANG_WARN_EMPTY_BODY = YES;
				CLANG_WARN_ENUM_CONVERSION = YES;
				CLANG_WARN_INFINITE_RECURSION = YES;
				CLANG_WARN_INT_CONVERSION = YES;
				CLANG_WARN_NON_LITERAL_NULL_CONVERSION = YES;
				CLANG_WARN_OBJC_IMPLICIT_RETAIN_SELF = YES;
				CLANG_WARN_OBJC_LITERAL_CONVERSION = YES;
				CLANG_WARN_OBJC_ROOT_CLASS = YES_ERROR;
				CLANG_WARN_QUOTED_INCLUDE_IN_FRAMEWORK_HEADER = YES;
				CLANG_WARN_RANGE_LOOP_ANALYSIS = YES;
				CLANG_WARN_STRICT_PROTOTYPES = YES;
				CLANG_WARN_SUSPICIOUS_MOVE = YES;
				CLANG_WARN_UNGUARDED_AVAILABILITY = YES_AGGRESSIVE;
				CLANG_WARN_UNREACHABLE_CODE = YES;
				CLANG_WARN__DUPLICATE_METHOD_MATCH = YES;
				COPY_PHASE_STRIP = NO;
				DEBUG_INFORMATION_FORMAT = "dwarf-with-dsym";
				ENABLE_NS_ASSERTIONS = NO;
				ENABLE_STRICT_OBJC_MSGSEND = YES;
				ENABLE_USER_SCRIPT_SANDBOXING = YES;
				GCC_C_LANGUAGE_STANDARD = gnu17;
				GCC_NO_COMMON_BLOCKS = YES;
				GCC_WARN_64_TO_32_BIT_CONVERSION = YES;
				GCC_WARN_ABOUT_RETURN_TYPE = YES_ERROR;
				GCC_WARN_UNDECLARED_SELECTOR = YES;
				GCC_WARN_UNINITIALIZED_AUTOS = YES_AGGRESSIVE;
				GCC_WARN_UNUSED_FUNCTION = YES;
				GCC_WARN_UNUSED_VARIABLE = YES;
				IPHONEOS_DEPLOYMENT_TARGET = 17.0;
				LOCALIZATION_PREFERS_STRING_CATALOGS = YES;
				MTL_ENABLE_DEBUG_INFO = NO;
				MTL_FAST_MATH = YES;
				SDKROOT = iphoneos;
				SWIFT_COMPILATION_MODE = wholemodule;
				VALIDATE_PRODUCT = YES;
			};
			name = Release;
		};
		16C0C5132AEA9245005C9E10 /* Debug */ = {
			isa = XCBuildConfiguration;
			buildSettings = {
				ASSETCATALOG_COMPILER_APPICON_NAME = AppIcon;
				ASSETCATALOG_COMPILER_GLOBAL_ACCENT_COLOR_NAME = AccentColor;
				CODE_SIGN_STYLE = Automatic;
				CURRENT_PROJECT_VERSION = 1;
				DEVELOPMENT_TEAM = W9HWC54SK4;
				GENERATE_INFOPLIST_FILE = YES;
				INFOPLIST_FILE = RickAndMortyApp/Info.plist;
				INFOPLIST_KEY_UIApplicationSupportsIndirectInputEvents = YES;
				INFOPLIST_KEY_UILaunchStoryboardName = LaunchScreen;
				INFOPLIST_KEY_UISupportedInterfaceOrientations_iPad = "UIInterfaceOrientationPortrait UIInterfaceOrientationPortraitUpsideDown UIInterfaceOrientationLandscapeLeft UIInterfaceOrientationLandscapeRight";
				INFOPLIST_KEY_UISupportedInterfaceOrientations_iPhone = "UIInterfaceOrientationPortrait UIInterfaceOrientationLandscapeLeft UIInterfaceOrientationLandscapeRight";
				LD_RUNPATH_SEARCH_PATHS = (
					"$(inherited)",
					"@executable_path/Frameworks",
				);
				MARKETING_VERSION = 1.0;
				PRODUCT_BUNDLE_IDENTIFIER = com.IslamCrew.RickAndMortyApp;
				PRODUCT_NAME = "$(TARGET_NAME)";
				SWIFT_EMIT_LOC_STRINGS = YES;
				SWIFT_VERSION = 5.0;
				TARGETED_DEVICE_FAMILY = "1,2";
			};
			name = Debug;
		};
		16C0C5142AEA9245005C9E10 /* Release */ = {
			isa = XCBuildConfiguration;
			buildSettings = {
				ASSETCATALOG_COMPILER_APPICON_NAME = AppIcon;
				ASSETCATALOG_COMPILER_GLOBAL_ACCENT_COLOR_NAME = AccentColor;
				CODE_SIGN_STYLE = Automatic;
				CURRENT_PROJECT_VERSION = 1;
				DEVELOPMENT_TEAM = W9HWC54SK4;
				GENERATE_INFOPLIST_FILE = YES;
				INFOPLIST_FILE = RickAndMortyApp/Info.plist;
				INFOPLIST_KEY_UIApplicationSupportsIndirectInputEvents = YES;
				INFOPLIST_KEY_UILaunchStoryboardName = LaunchScreen;
				INFOPLIST_KEY_UISupportedInterfaceOrientations_iPad = "UIInterfaceOrientationPortrait UIInterfaceOrientationPortraitUpsideDown UIInterfaceOrientationLandscapeLeft UIInterfaceOrientationLandscapeRight";
				INFOPLIST_KEY_UISupportedInterfaceOrientations_iPhone = "UIInterfaceOrientationPortrait UIInterfaceOrientationLandscapeLeft UIInterfaceOrientationLandscapeRight";
				LD_RUNPATH_SEARCH_PATHS = (
					"$(inherited)",
					"@executable_path/Frameworks",
				);
				MARKETING_VERSION = 1.0;
				PRODUCT_BUNDLE_IDENTIFIER = com.IslamCrew.RickAndMortyApp;
				PRODUCT_NAME = "$(TARGET_NAME)";
				SWIFT_EMIT_LOC_STRINGS = YES;
				SWIFT_VERSION = 5.0;
				TARGETED_DEVICE_FAMILY = "1,2";
			};
			name = Release;
		};
/* End XCBuildConfiguration section */

/* Begin XCConfigurationList section */
		16C0C4F92AEA9244005C9E10 /* Build configuration list for PBXProject "RickAndMortyApp" */ = {
			isa = XCConfigurationList;
			buildConfigurations = (
				16C0C5102AEA9245005C9E10 /* Debug */,
				16C0C5112AEA9245005C9E10 /* Release */,
			);
			defaultConfigurationIsVisible = 0;
			defaultConfigurationName = Release;
		};
		16C0C5122AEA9245005C9E10 /* Build configuration list for PBXNativeTarget "RickAndMortyApp" */ = {
			isa = XCConfigurationList;
			buildConfigurations = (
				16C0C5132AEA9245005C9E10 /* Debug */,
				16C0C5142AEA9245005C9E10 /* Release */,
			);
			defaultConfigurationIsVisible = 0;
			defaultConfigurationName = Release;
		};
/* End XCConfigurationList section */
	};
	rootObject = 16C0C4F62AEA9244005C9E10 /* Project object */;
}
